// !$*UTF8*$!
{
	archiveVersion = 1;
	classes = {
	};
	objectVersion = 52;
	objects = {

/* Begin PBXBuildFile section */
		2776342223119AF600622D64 /* AppDelegate.swift in Sources */ = {isa = PBXBuildFile; fileRef = 2776342123119AF600622D64 /* AppDelegate.swift */; };
		2776342423119AF600622D64 /* MainViewController.swift in Sources */ = {isa = PBXBuildFile; fileRef = 2776342323119AF600622D64 /* MainViewController.swift */; };
		2776342623119AF800622D64 /* Assets.xcassets in Resources */ = {isa = PBXBuildFile; fileRef = 2776342523119AF800622D64 /* Assets.xcassets */; };
		2776342923119AF800622D64 /* Main.storyboard in Resources */ = {isa = PBXBuildFile; fileRef = 2776342723119AF800622D64 /* Main.storyboard */; };
		2776343523119AF900622D64 /* Telex_NewsTests.swift in Sources */ = {isa = PBXBuildFile; fileRef = 2776343423119AF900622D64 /* Telex_NewsTests.swift */; };
		2776344023119AF900622D64 /* Telex_NewsUITests.swift in Sources */ = {isa = PBXBuildFile; fileRef = 2776343F23119AF900622D64 /* Telex_NewsUITests.swift */; };
		2776344F23119B2800622D64 /* FeedKit in Frameworks */ = {isa = PBXBuildFile; productRef = 2776344E23119B2800622D64 /* FeedKit */; };
		2776345223119B3A00622D64 /* Preferences in Frameworks */ = {isa = PBXBuildFile; productRef = 2776345123119B3A00622D64 /* Preferences */; };
		2776345523119B8E00622D64 /* SwiftyBeaver in Frameworks */ = {isa = PBXBuildFile; productRef = 2776345423119B8E00622D64 /* SwiftyBeaver */; };
		2776345823119BE000622D64 /* GRDB in Frameworks */ = {isa = PBXBuildFile; productRef = 2776345723119BE000622D64 /* GRDB */; };
		2776345B23119E0700622D64 /* .swiftlint.yml in Resources */ = {isa = PBXBuildFile; fileRef = 2776345A23119E0700622D64 /* .swiftlint.yml */; };
		277634622311AC4E00622D64 /* AboutController.swift in Sources */ = {isa = PBXBuildFile; fileRef = 277634612311AC4E00622D64 /* AboutController.swift */; };
		277634642311AC9600622D64 /* About.xib in Resources */ = {isa = PBXBuildFile; fileRef = 277634632311AC9600622D64 /* About.xib */; };
		277634672311AD2000622D64 /* QJHyperTextField.swift in Sources */ = {isa = PBXBuildFile; fileRef = 277634662311AD2000622D64 /* QJHyperTextField.swift */; };
		2776346A2311AEB600622D64 /* Bundle+Extensions.swift in Sources */ = {isa = PBXBuildFile; fileRef = 277634692311AEB600622D64 /* Bundle+Extensions.swift */; };
		2776346E2311B04100622D64 /* QuantumLogger.swift in Sources */ = {isa = PBXBuildFile; fileRef = 2776346D2311B04100622D64 /* QuantumLogger.swift */; };
		277634712311B27700622D64 /* NSApperance+Extensions.swift in Sources */ = {isa = PBXBuildFile; fileRef = 277634702311B27700622D64 /* NSApperance+Extensions.swift */; };
		277634732311B49C00622D64 /* NSApplication+Extensions.swift in Sources */ = {isa = PBXBuildFile; fileRef = 277634722311B49C00622D64 /* NSApplication+Extensions.swift */; };
		277634752311B5DB00622D64 /* NSImage+Extensions.swift in Sources */ = {isa = PBXBuildFile; fileRef = 277634742311B5DB00622D64 /* NSImage+Extensions.swift */; };
		277634792311C42800622D64 /* swift package.png in Resources */ = {isa = PBXBuildFile; fileRef = 277634782311C42800622D64 /* swift package.png */; };
		2776347B231308E600622D64 /* Telex-512-BW.png in Resources */ = {isa = PBXBuildFile; fileRef = 2776347A231308E600622D64 /* Telex-512-BW.png */; };
		277634812313149F00622D64 /* Worldwide.png in Resources */ = {isa = PBXBuildFile; fileRef = 277634802313149F00622D64 /* Worldwide.png */; };
		277634832313384B00622D64 /* QJQuickResponseTableView.swift in Sources */ = {isa = PBXBuildFile; fileRef = 277634822313384B00622D64 /* QJQuickResponseTableView.swift */; };
		27E5C24223142A5500FDAD5B /* GeneralPreferences.swift in Sources */ = {isa = PBXBuildFile; fileRef = 27E5C24023142A5500FDAD5B /* GeneralPreferences.swift */; };
		27E5C24323142A5500FDAD5B /* GeneralPreferences.xib in Resources */ = {isa = PBXBuildFile; fileRef = 27E5C24123142A5500FDAD5B /* GeneralPreferences.xib */; };
		27E5C24623142A8F00FDAD5B /* DisplayPreferences.swift in Sources */ = {isa = PBXBuildFile; fileRef = 27E5C24423142A8F00FDAD5B /* DisplayPreferences.swift */; };
		27E5C24723142A8F00FDAD5B /* DisplayPreferences.xib in Resources */ = {isa = PBXBuildFile; fileRef = 27E5C24523142A8F00FDAD5B /* DisplayPreferences.xib */; };
		27E5C24A23142AB200FDAD5B /* NotificationPreferences.swift in Sources */ = {isa = PBXBuildFile; fileRef = 27E5C24823142AB200FDAD5B /* NotificationPreferences.swift */; };
		27F0E01C231718CC0094831C /* SwiftyUserDefaults in Frameworks */ = {isa = PBXBuildFile; productRef = 27F0E01B231718CC0094831C /* SwiftyUserDefaults */; };
		27F0E01E2317195B0094831C /* TelexPreferences.swift in Sources */ = {isa = PBXBuildFile; fileRef = 27F0E01D2317195B0094831C /* TelexPreferences.swift */; };
		27F0E02023171BC60094831C /* ConsoleLogPreferences.swift in Sources */ = {isa = PBXBuildFile; fileRef = 27F0E01F23171BC60094831C /* ConsoleLogPreferences.swift */; };
		27F0E02323171CC50094831C /* SwiftDate in Frameworks */ = {isa = PBXBuildFile; productRef = 27F0E02223171CC50094831C /* SwiftDate */; };
		27F0E02523171D030094831C /* Date+Extensions.swift in Sources */ = {isa = PBXBuildFile; fileRef = 27F0E02423171D030094831C /* Date+Extensions.swift */; };
		27F0E027231723710094831C /* Notification.png in Resources */ = {isa = PBXBuildFile; fileRef = 27F0E026231723710094831C /* Notification.png */; };
		27F0E02B2317247E0094831C /* console.png in Resources */ = {isa = PBXBuildFile; fileRef = 27F0E02A2317247E0094831C /* console.png */; };
		27F0E02D231724A40094831C /* ConsoleLogPreferences.xib in Resources */ = {isa = PBXBuildFile; fileRef = 27F0E02C231724A40094831C /* ConsoleLogPreferences.xib */; };
		27F0E02F231724C00094831C /* NotificationPreferences.xib in Resources */ = {isa = PBXBuildFile; fileRef = 27F0E02E231724C00094831C /* NotificationPreferences.xib */; };
/* End PBXBuildFile section */

/* Begin PBXContainerItemProxy section */
		2776343123119AF900622D64 /* PBXContainerItemProxy */ = {
			isa = PBXContainerItemProxy;
			containerPortal = 2776341623119AF600622D64 /* Project object */;
			proxyType = 1;
			remoteGlobalIDString = 2776341D23119AF600622D64;
			remoteInfo = "Telex News";
		};
		2776343C23119AF900622D64 /* PBXContainerItemProxy */ = {
			isa = PBXContainerItemProxy;
			containerPortal = 2776341623119AF600622D64 /* Project object */;
			proxyType = 1;
			remoteGlobalIDString = 2776341D23119AF600622D64;
			remoteInfo = "Telex News";
		};
/* End PBXContainerItemProxy section */

/* Begin PBXFileReference section */
		2776341E23119AF600622D64 /* Telex News.app */ = {isa = PBXFileReference; explicitFileType = wrapper.application; includeInIndex = 0; path = "Telex News.app"; sourceTree = BUILT_PRODUCTS_DIR; };
		2776342123119AF600622D64 /* AppDelegate.swift */ = {isa = PBXFileReference; lastKnownFileType = sourcecode.swift; path = AppDelegate.swift; sourceTree = "<group>"; };
		2776342323119AF600622D64 /* MainViewController.swift */ = {isa = PBXFileReference; lastKnownFileType = sourcecode.swift; path = MainViewController.swift; sourceTree = "<group>"; };
		2776342523119AF800622D64 /* Assets.xcassets */ = {isa = PBXFileReference; lastKnownFileType = folder.assetcatalog; path = Assets.xcassets; sourceTree = "<group>"; };
		2776342823119AF800622D64 /* Base */ = {isa = PBXFileReference; lastKnownFileType = file.storyboard; name = Base; path = Base.lproj/Main.storyboard; sourceTree = "<group>"; };
		2776342A23119AF800622D64 /* Info.plist */ = {isa = PBXFileReference; lastKnownFileType = text.plist.xml; path = Info.plist; sourceTree = "<group>"; };
		2776342B23119AF800622D64 /* Telex_News.entitlements */ = {isa = PBXFileReference; lastKnownFileType = text.plist.entitlements; path = Telex_News.entitlements; sourceTree = "<group>"; };
		2776343023119AF900622D64 /* Telex NewsTests.xctest */ = {isa = PBXFileReference; explicitFileType = wrapper.cfbundle; includeInIndex = 0; path = "Telex NewsTests.xctest"; sourceTree = BUILT_PRODUCTS_DIR; };
		2776343423119AF900622D64 /* Telex_NewsTests.swift */ = {isa = PBXFileReference; lastKnownFileType = sourcecode.swift; path = Telex_NewsTests.swift; sourceTree = "<group>"; };
		2776343623119AF900622D64 /* Info.plist */ = {isa = PBXFileReference; lastKnownFileType = text.plist.xml; path = Info.plist; sourceTree = "<group>"; };
		2776343B23119AF900622D64 /* Telex NewsUITests.xctest */ = {isa = PBXFileReference; explicitFileType = wrapper.cfbundle; includeInIndex = 0; path = "Telex NewsUITests.xctest"; sourceTree = BUILT_PRODUCTS_DIR; };
		2776343F23119AF900622D64 /* Telex_NewsUITests.swift */ = {isa = PBXFileReference; lastKnownFileType = sourcecode.swift; path = Telex_NewsUITests.swift; sourceTree = "<group>"; };
		2776344123119AF900622D64 /* Info.plist */ = {isa = PBXFileReference; lastKnownFileType = text.plist.xml; path = Info.plist; sourceTree = "<group>"; };
		2776345A23119E0700622D64 /* .swiftlint.yml */ = {isa = PBXFileReference; fileEncoding = 4; lastKnownFileType = text.yaml; path = .swiftlint.yml; sourceTree = "<group>"; };
		277634612311AC4E00622D64 /* AboutController.swift */ = {isa = PBXFileReference; fileEncoding = 4; lastKnownFileType = sourcecode.swift; path = AboutController.swift; sourceTree = "<group>"; };
		277634632311AC9600622D64 /* About.xib */ = {isa = PBXFileReference; fileEncoding = 4; lastKnownFileType = file.xib; path = About.xib; sourceTree = "<group>"; };
		277634662311AD2000622D64 /* QJHyperTextField.swift */ = {isa = PBXFileReference; fileEncoding = 4; lastKnownFileType = sourcecode.swift; path = QJHyperTextField.swift; sourceTree = "<group>"; };
		277634692311AEB600622D64 /* Bundle+Extensions.swift */ = {isa = PBXFileReference; lastKnownFileType = sourcecode.swift; path = "Bundle+Extensions.swift"; sourceTree = "<group>"; };
		2776346D2311B04100622D64 /* QuantumLogger.swift */ = {isa = PBXFileReference; lastKnownFileType = sourcecode.swift; path = QuantumLogger.swift; sourceTree = "<group>"; };
		277634702311B27700622D64 /* NSApperance+Extensions.swift */ = {isa = PBXFileReference; lastKnownFileType = sourcecode.swift; path = "NSApperance+Extensions.swift"; sourceTree = "<group>"; };
		277634722311B49C00622D64 /* NSApplication+Extensions.swift */ = {isa = PBXFileReference; lastKnownFileType = sourcecode.swift; path = "NSApplication+Extensions.swift"; sourceTree = "<group>"; };
		277634742311B5DB00622D64 /* NSImage+Extensions.swift */ = {isa = PBXFileReference; lastKnownFileType = sourcecode.swift; path = "NSImage+Extensions.swift"; sourceTree = "<group>"; };
		277634782311C42800622D64 /* swift package.png */ = {isa = PBXFileReference; lastKnownFileType = image.png; path = "swift package.png"; sourceTree = "<group>"; };
		2776347A231308E600622D64 /* Telex-512-BW.png */ = {isa = PBXFileReference; lastKnownFileType = image.png; path = "Telex-512-BW.png"; sourceTree = "<group>"; };
		277634802313149F00622D64 /* Worldwide.png */ = {isa = PBXFileReference; lastKnownFileType = image.png; path = Worldwide.png; sourceTree = "<group>"; };
		277634822313384B00622D64 /* QJQuickResponseTableView.swift */ = {isa = PBXFileReference; fileEncoding = 4; lastKnownFileType = sourcecode.swift; path = QJQuickResponseTableView.swift; sourceTree = "<group>"; };
		27E5C24023142A5500FDAD5B /* GeneralPreferences.swift */ = {isa = PBXFileReference; lastKnownFileType = sourcecode.swift; path = GeneralPreferences.swift; sourceTree = "<group>"; };
		27E5C24123142A5500FDAD5B /* GeneralPreferences.xib */ = {isa = PBXFileReference; lastKnownFileType = file.xib; path = GeneralPreferences.xib; sourceTree = "<group>"; };
		27E5C24423142A8F00FDAD5B /* DisplayPreferences.swift */ = {isa = PBXFileReference; lastKnownFileType = sourcecode.swift; path = DisplayPreferences.swift; sourceTree = "<group>"; };
		27E5C24523142A8F00FDAD5B /* DisplayPreferences.xib */ = {isa = PBXFileReference; lastKnownFileType = file.xib; path = DisplayPreferences.xib; sourceTree = "<group>"; };
		27E5C24823142AB200FDAD5B /* NotificationPreferences.swift */ = {isa = PBXFileReference; lastKnownFileType = sourcecode.swift; path = NotificationPreferences.swift; sourceTree = "<group>"; };
		27F0E01D2317195B0094831C /* TelexPreferences.swift */ = {isa = PBXFileReference; fileEncoding = 4; lastKnownFileType = sourcecode.swift; path = TelexPreferences.swift; sourceTree = "<group>"; };
		27F0E01F23171BC60094831C /* ConsoleLogPreferences.swift */ = {isa = PBXFileReference; fileEncoding = 4; lastKnownFileType = sourcecode.swift; path = ConsoleLogPreferences.swift; sourceTree = "<group>"; };
		27F0E02423171D030094831C /* Date+Extensions.swift */ = {isa = PBXFileReference; fileEncoding = 4; lastKnownFileType = sourcecode.swift; path = "Date+Extensions.swift"; sourceTree = "<group>"; };
		27F0E026231723710094831C /* Notification.png */ = {isa = PBXFileReference; lastKnownFileType = image.png; path = Notification.png; sourceTree = "<group>"; };
		27F0E02A2317247E0094831C /* console.png */ = {isa = PBXFileReference; lastKnownFileType = image.png; path = console.png; sourceTree = "<group>"; };
		27F0E02C231724A40094831C /* ConsoleLogPreferences.xib */ = {isa = PBXFileReference; fileEncoding = 4; lastKnownFileType = file.xib; path = ConsoleLogPreferences.xib; sourceTree = "<group>"; };
		27F0E02E231724C00094831C /* NotificationPreferences.xib */ = {isa = PBXFileReference; fileEncoding = 4; lastKnownFileType = file.xib; path = NotificationPreferences.xib; sourceTree = "<group>"; };
/* End PBXFileReference section */

/* Begin PBXFrameworksBuildPhase section */
		2776341B23119AF600622D64 /* Frameworks */ = {
			isa = PBXFrameworksBuildPhase;
			buildActionMask = 2147483647;
			files = (
				2776344F23119B2800622D64 /* FeedKit in Frameworks */,
				2776345223119B3A00622D64 /* Preferences in Frameworks */,
				27F0E02323171CC50094831C /* SwiftDate in Frameworks */,
				2776345523119B8E00622D64 /* SwiftyBeaver in Frameworks */,
				27F0E01C231718CC0094831C /* SwiftyUserDefaults in Frameworks */,
				2776345823119BE000622D64 /* GRDB in Frameworks */,
			);
			runOnlyForDeploymentPostprocessing = 0;
		};
		2776342D23119AF900622D64 /* Frameworks */ = {
			isa = PBXFrameworksBuildPhase;
			buildActionMask = 2147483647;
			files = (
			);
			runOnlyForDeploymentPostprocessing = 0;
		};
		2776343823119AF900622D64 /* Frameworks */ = {
			isa = PBXFrameworksBuildPhase;
			buildActionMask = 2147483647;
			files = (
			);
			runOnlyForDeploymentPostprocessing = 0;
		};
/* End PBXFrameworksBuildPhase section */

/* Begin PBXGroup section */
		2776341523119AF600622D64 = {
			isa = PBXGroup;
			children = (
				277634762311BA4900622D64 /* External Config */,
				2776342023119AF600622D64 /* Telex News */,
				2776343323119AF900622D64 /* Telex NewsTests */,
				2776343E23119AF900622D64 /* Telex NewsUITests */,
				2776341F23119AF600622D64 /* Products */,
			);
			sourceTree = "<group>";
		};
		2776341F23119AF600622D64 /* Products */ = {
			isa = PBXGroup;
			children = (
				2776341E23119AF600622D64 /* Telex News.app */,
				2776343023119AF900622D64 /* Telex NewsTests.xctest */,
				2776343B23119AF900622D64 /* Telex NewsUITests.xctest */,
			);
			name = Products;
			sourceTree = "<group>";
		};
		2776342023119AF600622D64 /* Telex News */ = {
			isa = PBXGroup;
			children = (
				2776342123119AF600622D64 /* AppDelegate.swift */,
				277634682311AD7300622D64 /* Extensions */,
				277634652311ACFE00622D64 /* Custom UI Elements */,
				277634602311ABF200622D64 /* Controllers */,
				2776345F2311ABEC00622D64 /* Views */,
				2776345E2311ABE400622D64 /* Models */,
				2776342523119AF800622D64 /* Assets.xcassets */,
				2776342A23119AF800622D64 /* Info.plist */,
				2776342B23119AF800622D64 /* Telex_News.entitlements */,
			);
			path = "Telex News";
			sourceTree = "<group>";
		};
		2776343323119AF900622D64 /* Telex NewsTests */ = {
			isa = PBXGroup;
			children = (
				2776343423119AF900622D64 /* Telex_NewsTests.swift */,
				2776343623119AF900622D64 /* Info.plist */,
			);
			path = "Telex NewsTests";
			sourceTree = "<group>";
		};
		2776343E23119AF900622D64 /* Telex NewsUITests */ = {
			isa = PBXGroup;
			children = (
				2776343F23119AF900622D64 /* Telex_NewsUITests.swift */,
				2776344123119AF900622D64 /* Info.plist */,
			);
			path = "Telex NewsUITests";
			sourceTree = "<group>";
		};
		2776345E2311ABE400622D64 /* Models */ = {
			isa = PBXGroup;
			children = (
				27F0E01D2317195B0094831C /* TelexPreferences.swift */,
				2776346D2311B04100622D64 /* QuantumLogger.swift */,
			);
			path = Models;
			sourceTree = "<group>";
		};
		2776345F2311ABEC00622D64 /* Views */ = {
			isa = PBXGroup;
			children = (
				27E5C23E23142A0F00FDAD5B /* Preferences */,
				277634772311BEF600622D64 /* Graphics */,
				2776342723119AF800622D64 /* Main.storyboard */,
				277634632311AC9600622D64 /* About.xib */,
			);
			path = Views;
			sourceTree = "<group>";
		};
		277634602311ABF200622D64 /* Controllers */ = {
			isa = PBXGroup;
			children = (
				27E5C23F23142A2400FDAD5B /* Preferences */,
				2776342323119AF600622D64 /* MainViewController.swift */,
				277634612311AC4E00622D64 /* AboutController.swift */,
			);
			path = Controllers;
			sourceTree = "<group>";
		};
		277634652311ACFE00622D64 /* Custom UI Elements */ = {
			isa = PBXGroup;
			children = (
				277634822313384B00622D64 /* QJQuickResponseTableView.swift */,
				277634662311AD2000622D64 /* QJHyperTextField.swift */,
			);
			path = "Custom UI Elements";
			sourceTree = "<group>";
		};
		277634682311AD7300622D64 /* Extensions */ = {
			isa = PBXGroup;
			children = (
				277634692311AEB600622D64 /* Bundle+Extensions.swift */,
				27F0E02423171D030094831C /* Date+Extensions.swift */,
				277634702311B27700622D64 /* NSApperance+Extensions.swift */,
				277634722311B49C00622D64 /* NSApplication+Extensions.swift */,
				277634742311B5DB00622D64 /* NSImage+Extensions.swift */,
			);
			path = Extensions;
			sourceTree = "<group>";
		};
		277634762311BA4900622D64 /* External Config */ = {
			isa = PBXGroup;
			children = (
				2776345A23119E0700622D64 /* .swiftlint.yml */,
			);
			name = "External Config";
			sourceTree = "<group>";
		};
		277634772311BEF600622D64 /* Graphics */ = {
			isa = PBXGroup;
			children = (
				27F0E02A2317247E0094831C /* console.png */,
				27F0E026231723710094831C /* Notification.png */,
				277634782311C42800622D64 /* swift package.png */,
				2776347A231308E600622D64 /* Telex-512-BW.png */,
				277634802313149F00622D64 /* Worldwide.png */,
			);
			path = Graphics;
			sourceTree = "<group>";
		};
		27E5C23E23142A0F00FDAD5B /* Preferences */ = {
			isa = PBXGroup;
			children = (
				27F0E02C231724A40094831C /* ConsoleLogPreferences.xib */,
				27E5C24523142A8F00FDAD5B /* DisplayPreferences.xib */,
				27E5C24123142A5500FDAD5B /* GeneralPreferences.xib */,
				27F0E02E231724C00094831C /* NotificationPreferences.xib */,
			);
			path = Preferences;
			sourceTree = "<group>";
		};
		27E5C23F23142A2400FDAD5B /* Preferences */ = {
			isa = PBXGroup;
			children = (
				27F0E01F23171BC60094831C /* ConsoleLogPreferences.swift */,
				27E5C24423142A8F00FDAD5B /* DisplayPreferences.swift */,
				27E5C24023142A5500FDAD5B /* GeneralPreferences.swift */,
				27E5C24823142AB200FDAD5B /* NotificationPreferences.swift */,
			);
			path = Preferences;
			sourceTree = "<group>";
		};
/* End PBXGroup section */

/* Begin PBXNativeTarget section */
		2776341D23119AF600622D64 /* Telex News */ = {
			isa = PBXNativeTarget;
			buildConfigurationList = 2776344423119AF900622D64 /* Build configuration list for PBXNativeTarget "Telex News" */;
			buildPhases = (
				2776341A23119AF600622D64 /* Sources */,
				2776341B23119AF600622D64 /* Frameworks */,
				2776341C23119AF600622D64 /* Resources */,
				2776345D23119F3500622D64 /* ShellScript */,
			);
			buildRules = (
			);
			dependencies = (
			);
			name = "Telex News";
			packageProductDependencies = (
				2776344E23119B2800622D64 /* FeedKit */,
				2776345123119B3A00622D64 /* Preferences */,
				2776345423119B8E00622D64 /* SwiftyBeaver */,
				2776345723119BE000622D64 /* GRDB */,
				27F0E01B231718CC0094831C /* SwiftyUserDefaults */,
				27F0E02223171CC50094831C /* SwiftDate */,
			);
			productName = "Telex News";
			productReference = 2776341E23119AF600622D64 /* Telex News.app */;
			productType = "com.apple.product-type.application";
		};
		2776342F23119AF900622D64 /* Telex NewsTests */ = {
			isa = PBXNativeTarget;
			buildConfigurationList = 2776344723119AF900622D64 /* Build configuration list for PBXNativeTarget "Telex NewsTests" */;
			buildPhases = (
				2776342C23119AF900622D64 /* Sources */,
				2776342D23119AF900622D64 /* Frameworks */,
				2776342E23119AF900622D64 /* Resources */,
			);
			buildRules = (
			);
			dependencies = (
				2776343223119AF900622D64 /* PBXTargetDependency */,
			);
			name = "Telex NewsTests";
			productName = "Telex NewsTests";
			productReference = 2776343023119AF900622D64 /* Telex NewsTests.xctest */;
			productType = "com.apple.product-type.bundle.unit-test";
		};
		2776343A23119AF900622D64 /* Telex NewsUITests */ = {
			isa = PBXNativeTarget;
			buildConfigurationList = 2776344A23119AF900622D64 /* Build configuration list for PBXNativeTarget "Telex NewsUITests" */;
			buildPhases = (
				2776343723119AF900622D64 /* Sources */,
				2776343823119AF900622D64 /* Frameworks */,
				2776343923119AF900622D64 /* Resources */,
			);
			buildRules = (
			);
			dependencies = (
				2776343D23119AF900622D64 /* PBXTargetDependency */,
			);
			name = "Telex NewsUITests";
			productName = "Telex NewsUITests";
			productReference = 2776343B23119AF900622D64 /* Telex NewsUITests.xctest */;
			productType = "com.apple.product-type.bundle.ui-testing";
		};
/* End PBXNativeTarget section */

/* Begin PBXProject section */
		2776341623119AF600622D64 /* Project object */ = {
			isa = PBXProject;
			attributes = {
				LastSwiftUpdateCheck = 1100;
				LastUpgradeCheck = 1100;
				ORGANIZATIONNAME = "Quantum Joker";
				TargetAttributes = {
					2776341D23119AF600622D64 = {
						CreatedOnToolsVersion = 11.0;
					};
					2776342F23119AF900622D64 = {
						CreatedOnToolsVersion = 11.0;
						TestTargetID = 2776341D23119AF600622D64;
					};
					2776343A23119AF900622D64 = {
						CreatedOnToolsVersion = 11.0;
						TestTargetID = 2776341D23119AF600622D64;
					};
				};
			};
			buildConfigurationList = 2776341923119AF600622D64 /* Build configuration list for PBXProject "Telex News" */;
			compatibilityVersion = "Xcode 9.3";
			developmentRegion = en;
			hasScannedForEncodings = 0;
			knownRegions = (
				en,
				Base,
			);
			mainGroup = 2776341523119AF600622D64;
			packageReferences = (
				2776344D23119B2800622D64 /* XCRemoteSwiftPackageReference "FeedKit" */,
				2776345023119B3A00622D64 /* XCRemoteSwiftPackageReference "Preferences" */,
				2776345323119B8E00622D64 /* XCRemoteSwiftPackageReference "SwiftyBeaver" */,
				2776345623119BE000622D64 /* XCRemoteSwiftPackageReference "GRDB.swift" */,
				27F0E01A231718CC0094831C /* XCRemoteSwiftPackageReference "SwiftyUserDefaults" */,
				27F0E02123171CC50094831C /* XCRemoteSwiftPackageReference "SwiftDate" */,
			);
			productRefGroup = 2776341F23119AF600622D64 /* Products */;
			projectDirPath = "";
			projectRoot = "";
			targets = (
				2776341D23119AF600622D64 /* Telex News */,
				2776342F23119AF900622D64 /* Telex NewsTests */,
				2776343A23119AF900622D64 /* Telex NewsUITests */,
			);
		};
/* End PBXProject section */

/* Begin PBXResourcesBuildPhase section */
		2776341C23119AF600622D64 /* Resources */ = {
			isa = PBXResourcesBuildPhase;
			buildActionMask = 2147483647;
			files = (
				2776345B23119E0700622D64 /* .swiftlint.yml in Resources */,
				277634642311AC9600622D64 /* About.xib in Resources */,
				2776342623119AF800622D64 /* Assets.xcassets in Resources */,
				27E5C24723142A8F00FDAD5B /* DisplayPreferences.xib in Resources */,
				27F0E02D231724A40094831C /* ConsoleLogPreferences.xib in Resources */,
				2776342923119AF800622D64 /* Main.storyboard in Resources */,
				277634812313149F00622D64 /* Worldwide.png in Resources */,
				2776347B231308E600622D64 /* Telex-512-BW.png in Resources */,
				27F0E027231723710094831C /* Notification.png in Resources */,
				27F0E02B2317247E0094831C /* console.png in Resources */,
				277634792311C42800622D64 /* swift package.png in Resources */,
				27F0E02F231724C00094831C /* NotificationPreferences.xib in Resources */,
				27E5C24323142A5500FDAD5B /* GeneralPreferences.xib in Resources */,
			);
			runOnlyForDeploymentPostprocessing = 0;
		};
		2776342E23119AF900622D64 /* Resources */ = {
			isa = PBXResourcesBuildPhase;
			buildActionMask = 2147483647;
			files = (
			);
			runOnlyForDeploymentPostprocessing = 0;
		};
		2776343923119AF900622D64 /* Resources */ = {
			isa = PBXResourcesBuildPhase;
			buildActionMask = 2147483647;
			files = (
			);
			runOnlyForDeploymentPostprocessing = 0;
		};
/* End PBXResourcesBuildPhase section */

/* Begin PBXShellScriptBuildPhase section */
		2776345D23119F3500622D64 /* ShellScript */ = {
			isa = PBXShellScriptBuildPhase;
			buildActionMask = 2147483647;
			files = (
			);
			inputFileListPaths = (
			);
			inputPaths = (
			);
			outputFileListPaths = (
			);
			outputPaths = (
			);
			runOnlyForDeploymentPostprocessing = 0;
			shellPath = /bin/sh;
			shellScript = "if which swiftlint >/dev/null; then\n  swiftlint\nelse\n  echo \"warning: SwiftLint not installed, download from https://github.com/realm/SwiftLint\"\nfi\n";
		};
/* End PBXShellScriptBuildPhase section */

/* Begin PBXSourcesBuildPhase section */
		2776341A23119AF600622D64 /* Sources */ = {
			isa = PBXSourcesBuildPhase;
			buildActionMask = 2147483647;
			files = (
				277634712311B27700622D64 /* NSApperance+Extensions.swift in Sources */,
				277634752311B5DB00622D64 /* NSImage+Extensions.swift in Sources */,
				277634732311B49C00622D64 /* NSApplication+Extensions.swift in Sources */,
				27F0E01E2317195B0094831C /* TelexPreferences.swift in Sources */,
				2776342423119AF600622D64 /* MainViewController.swift in Sources */,
				2776346E2311B04100622D64 /* QuantumLogger.swift in Sources */,
				277634832313384B00622D64 /* QJQuickResponseTableView.swift in Sources */,
				2776346A2311AEB600622D64 /* Bundle+Extensions.swift in Sources */,
				27E5C24623142A8F00FDAD5B /* DisplayPreferences.swift in Sources */,
				27F0E02523171D030094831C /* Date+Extensions.swift in Sources */,
				277634672311AD2000622D64 /* QJHyperTextField.swift in Sources */,
				2776342223119AF600622D64 /* AppDelegate.swift in Sources */,
				277634622311AC4E00622D64 /* AboutController.swift in Sources */,
				27E5C24223142A5500FDAD5B /* GeneralPreferences.swift in Sources */,
				27F0E02023171BC60094831C /* ConsoleLogPreferences.swift in Sources */,
				27E5C24A23142AB200FDAD5B /* NotificationPreferences.swift in Sources */,
			);
			runOnlyForDeploymentPostprocessing = 0;
		};
		2776342C23119AF900622D64 /* Sources */ = {
			isa = PBXSourcesBuildPhase;
			buildActionMask = 2147483647;
			files = (
				2776343523119AF900622D64 /* Telex_NewsTests.swift in Sources */,
			);
			runOnlyForDeploymentPostprocessing = 0;
		};
		2776343723119AF900622D64 /* Sources */ = {
			isa = PBXSourcesBuildPhase;
			buildActionMask = 2147483647;
			files = (
				2776344023119AF900622D64 /* Telex_NewsUITests.swift in Sources */,
			);
			runOnlyForDeploymentPostprocessing = 0;
		};
/* End PBXSourcesBuildPhase section */

/* Begin PBXTargetDependency section */
		2776343223119AF900622D64 /* PBXTargetDependency */ = {
			isa = PBXTargetDependency;
			target = 2776341D23119AF600622D64 /* Telex News */;
			targetProxy = 2776343123119AF900622D64 /* PBXContainerItemProxy */;
		};
		2776343D23119AF900622D64 /* PBXTargetDependency */ = {
			isa = PBXTargetDependency;
			target = 2776341D23119AF600622D64 /* Telex News */;
			targetProxy = 2776343C23119AF900622D64 /* PBXContainerItemProxy */;
		};
/* End PBXTargetDependency section */

/* Begin PBXVariantGroup section */
		2776342723119AF800622D64 /* Main.storyboard */ = {
			isa = PBXVariantGroup;
			children = (
				2776342823119AF800622D64 /* Base */,
			);
			name = Main.storyboard;
			sourceTree = "<group>";
		};
/* End PBXVariantGroup section */

/* Begin XCBuildConfiguration section */
		2776344223119AF900622D64 /* Debug */ = {
			isa = XCBuildConfiguration;
			buildSettings = {
				ALWAYS_SEARCH_USER_PATHS = NO;
				CLANG_ANALYZER_NONNULL = YES;
				CLANG_ANALYZER_NUMBER_OBJECT_CONVERSION = YES_AGGRESSIVE;
				CLANG_CXX_LANGUAGE_STANDARD = "gnu++14";
				CLANG_CXX_LIBRARY = "libc++";
				CLANG_ENABLE_MODULES = YES;
				CLANG_ENABLE_OBJC_ARC = YES;
				CLANG_ENABLE_OBJC_WEAK = YES;
				CLANG_WARN_BLOCK_CAPTURE_AUTORELEASING = YES;
				CLANG_WARN_BOOL_CONVERSION = YES;
				CLANG_WARN_COMMA = YES;
				CLANG_WARN_CONSTANT_CONVERSION = YES;
				CLANG_WARN_DEPRECATED_OBJC_IMPLEMENTATIONS = YES;
				CLANG_WARN_DIRECT_OBJC_ISA_USAGE = YES_ERROR;
				CLANG_WARN_DOCUMENTATION_COMMENTS = YES;
				CLANG_WARN_EMPTY_BODY = YES;
				CLANG_WARN_ENUM_CONVERSION = YES;
				CLANG_WARN_INFINITE_RECURSION = YES;
				CLANG_WARN_INT_CONVERSION = YES;
				CLANG_WARN_NON_LITERAL_NULL_CONVERSION = YES;
				CLANG_WARN_OBJC_IMPLICIT_RETAIN_SELF = YES;
				CLANG_WARN_OBJC_LITERAL_CONVERSION = YES;
				CLANG_WARN_OBJC_ROOT_CLASS = YES_ERROR;
				CLANG_WARN_RANGE_LOOP_ANALYSIS = YES;
				CLANG_WARN_STRICT_PROTOTYPES = YES;
				CLANG_WARN_SUSPICIOUS_MOVE = YES;
				CLANG_WARN_UNGUARDED_AVAILABILITY = YES_AGGRESSIVE;
				CLANG_WARN_UNREACHABLE_CODE = YES;
				CLANG_WARN__DUPLICATE_METHOD_MATCH = YES;
				COPY_PHASE_STRIP = NO;
				DEBUG_INFORMATION_FORMAT = dwarf;
				ENABLE_STRICT_OBJC_MSGSEND = YES;
				ENABLE_TESTABILITY = YES;
				GCC_C_LANGUAGE_STANDARD = gnu11;
				GCC_DYNAMIC_NO_PIC = NO;
				GCC_NO_COMMON_BLOCKS = YES;
				GCC_OPTIMIZATION_LEVEL = 0;
				GCC_PREPROCESSOR_DEFINITIONS = (
					"DEBUG=1",
					"$(inherited)",
				);
				GCC_WARN_64_TO_32_BIT_CONVERSION = YES;
				GCC_WARN_ABOUT_RETURN_TYPE = YES_ERROR;
				GCC_WARN_UNDECLARED_SELECTOR = YES;
				GCC_WARN_UNINITIALIZED_AUTOS = YES_AGGRESSIVE;
				GCC_WARN_UNUSED_FUNCTION = YES;
				GCC_WARN_UNUSED_VARIABLE = YES;
				MACOSX_DEPLOYMENT_TARGET = 10.15;
				MTL_ENABLE_DEBUG_INFO = INCLUDE_SOURCE;
				MTL_FAST_MATH = YES;
				ONLY_ACTIVE_ARCH = YES;
				SDKROOT = macosx;
				SWIFT_ACTIVE_COMPILATION_CONDITIONS = DEBUG;
				SWIFT_OPTIMIZATION_LEVEL = "-Onone";
			};
			name = Debug;
		};
		2776344323119AF900622D64 /* Release */ = {
			isa = XCBuildConfiguration;
			buildSettings = {
				ALWAYS_SEARCH_USER_PATHS = NO;
				CLANG_ANALYZER_NONNULL = YES;
				CLANG_ANALYZER_NUMBER_OBJECT_CONVERSION = YES_AGGRESSIVE;
				CLANG_CXX_LANGUAGE_STANDARD = "gnu++14";
				CLANG_CXX_LIBRARY = "libc++";
				CLANG_ENABLE_MODULES = YES;
				CLANG_ENABLE_OBJC_ARC = YES;
				CLANG_ENABLE_OBJC_WEAK = YES;
				CLANG_WARN_BLOCK_CAPTURE_AUTORELEASING = YES;
				CLANG_WARN_BOOL_CONVERSION = YES;
				CLANG_WARN_COMMA = YES;
				CLANG_WARN_CONSTANT_CONVERSION = YES;
				CLANG_WARN_DEPRECATED_OBJC_IMPLEMENTATIONS = YES;
				CLANG_WARN_DIRECT_OBJC_ISA_USAGE = YES_ERROR;
				CLANG_WARN_DOCUMENTATION_COMMENTS = YES;
				CLANG_WARN_EMPTY_BODY = YES;
				CLANG_WARN_ENUM_CONVERSION = YES;
				CLANG_WARN_INFINITE_RECURSION = YES;
				CLANG_WARN_INT_CONVERSION = YES;
				CLANG_WARN_NON_LITERAL_NULL_CONVERSION = YES;
				CLANG_WARN_OBJC_IMPLICIT_RETAIN_SELF = YES;
				CLANG_WARN_OBJC_LITERAL_CONVERSION = YES;
				CLANG_WARN_OBJC_ROOT_CLASS = YES_ERROR;
				CLANG_WARN_RANGE_LOOP_ANALYSIS = YES;
				CLANG_WARN_STRICT_PROTOTYPES = YES;
				CLANG_WARN_SUSPICIOUS_MOVE = YES;
				CLANG_WARN_UNGUARDED_AVAILABILITY = YES_AGGRESSIVE;
				CLANG_WARN_UNREACHABLE_CODE = YES;
				CLANG_WARN__DUPLICATE_METHOD_MATCH = YES;
				COPY_PHASE_STRIP = NO;
				DEBUG_INFORMATION_FORMAT = "dwarf-with-dsym";
				ENABLE_NS_ASSERTIONS = NO;
				ENABLE_STRICT_OBJC_MSGSEND = YES;
				GCC_C_LANGUAGE_STANDARD = gnu11;
				GCC_NO_COMMON_BLOCKS = YES;
				GCC_WARN_64_TO_32_BIT_CONVERSION = YES;
				GCC_WARN_ABOUT_RETURN_TYPE = YES_ERROR;
				GCC_WARN_UNDECLARED_SELECTOR = YES;
				GCC_WARN_UNINITIALIZED_AUTOS = YES_AGGRESSIVE;
				GCC_WARN_UNUSED_FUNCTION = YES;
				GCC_WARN_UNUSED_VARIABLE = YES;
				MACOSX_DEPLOYMENT_TARGET = 10.15;
				MTL_ENABLE_DEBUG_INFO = NO;
				MTL_FAST_MATH = YES;
				SDKROOT = macosx;
				SWIFT_COMPILATION_MODE = wholemodule;
				SWIFT_OPTIMIZATION_LEVEL = "-O";
			};
			name = Release;
		};
		2776344523119AF900622D64 /* Debug */ = {
			isa = XCBuildConfiguration;
			buildSettings = {
				ASSETCATALOG_COMPILER_APPICON_NAME = AppIcon;
				CODE_SIGN_ENTITLEMENTS = "Telex News/Telex_News.entitlements";
				CODE_SIGN_IDENTITY = "Apple Development";
				CODE_SIGN_STYLE = Automatic;
				COMBINE_HIDPI_IMAGES = YES;
				DEVELOPMENT_TEAM = 3ETXMLGRJN;
				ENABLE_HARDENED_RUNTIME = YES;
				INFOPLIST_FILE = "Telex News/Info.plist";
				LD_RUNPATH_SEARCH_PATHS = (
					"$(inherited)",
					"@executable_path/../Frameworks",
				);
				PRODUCT_BUNDLE_IDENTIFIER = "com.quantumjoker.Telex-News";
				PRODUCT_NAME = "$(TARGET_NAME)";
				PROVISIONING_PROFILE_SPECIFIER = "";
				SWIFT_VERSION = 5.0;
			};
			name = Debug;
		};
		2776344623119AF900622D64 /* Release */ = {
			isa = XCBuildConfiguration;
			buildSettings = {
				ASSETCATALOG_COMPILER_APPICON_NAME = AppIcon;
				CODE_SIGN_ENTITLEMENTS = "Telex News/Telex_News.entitlements";
				CODE_SIGN_IDENTITY = "Apple Development";
				CODE_SIGN_STYLE = Automatic;
				COMBINE_HIDPI_IMAGES = YES;
				DEVELOPMENT_TEAM = 3ETXMLGRJN;
				ENABLE_HARDENED_RUNTIME = YES;
				INFOPLIST_FILE = "Telex News/Info.plist";
				LD_RUNPATH_SEARCH_PATHS = (
					"$(inherited)",
					"@executable_path/../Frameworks",
				);
				PRODUCT_BUNDLE_IDENTIFIER = "com.quantumjoker.Telex-News";
				PRODUCT_NAME = "$(TARGET_NAME)";
				PROVISIONING_PROFILE_SPECIFIER = "";
				SWIFT_VERSION = 5.0;
			};
			name = Release;
		};
		2776344823119AF900622D64 /* Debug */ = {
			isa = XCBuildConfiguration;
			buildSettings = {
				ALWAYS_EMBED_SWIFT_STANDARD_LIBRARIES = YES;
				BUNDLE_LOADER = "$(TEST_HOST)";
				CODE_SIGN_STYLE = Automatic;
				COMBINE_HIDPI_IMAGES = YES;
				DEVELOPMENT_TEAM = 3ETXMLGRJN;
				INFOPLIST_FILE = "Telex NewsTests/Info.plist";
				LD_RUNPATH_SEARCH_PATHS = (
					"$(inherited)",
					"@executable_path/../Frameworks",
					"@loader_path/../Frameworks",
				);
				MACOSX_DEPLOYMENT_TARGET = 10.15;
				PRODUCT_BUNDLE_IDENTIFIER = "com.quantumjoker.Telex-NewsTests";
				PRODUCT_NAME = "$(TARGET_NAME)";
				SWIFT_VERSION = 5.0;
				TEST_HOST = "$(BUILT_PRODUCTS_DIR)/Telex News.app/Contents/MacOS/Telex News";
			};
			name = Debug;
		};
		2776344923119AF900622D64 /* Release */ = {
			isa = XCBuildConfiguration;
			buildSettings = {
				ALWAYS_EMBED_SWIFT_STANDARD_LIBRARIES = YES;
				BUNDLE_LOADER = "$(TEST_HOST)";
				CODE_SIGN_STYLE = Automatic;
				COMBINE_HIDPI_IMAGES = YES;
				DEVELOPMENT_TEAM = 3ETXMLGRJN;
				INFOPLIST_FILE = "Telex NewsTests/Info.plist";
				LD_RUNPATH_SEARCH_PATHS = (
					"$(inherited)",
					"@executable_path/../Frameworks",
					"@loader_path/../Frameworks",
				);
				MACOSX_DEPLOYMENT_TARGET = 10.15;
				PRODUCT_BUNDLE_IDENTIFIER = "com.quantumjoker.Telex-NewsTests";
				PRODUCT_NAME = "$(TARGET_NAME)";
				SWIFT_VERSION = 5.0;
				TEST_HOST = "$(BUILT_PRODUCTS_DIR)/Telex News.app/Contents/MacOS/Telex News";
			};
			name = Release;
		};
		2776344B23119AF900622D64 /* Debug */ = {
			isa = XCBuildConfiguration;
			buildSettings = {
				ALWAYS_EMBED_SWIFT_STANDARD_LIBRARIES = YES;
				CODE_SIGN_STYLE = Automatic;
				COMBINE_HIDPI_IMAGES = YES;
				DEVELOPMENT_TEAM = 3ETXMLGRJN;
				INFOPLIST_FILE = "Telex NewsUITests/Info.plist";
				LD_RUNPATH_SEARCH_PATHS = (
					"$(inherited)",
					"@executable_path/../Frameworks",
					"@loader_path/../Frameworks",
				);
				PRODUCT_BUNDLE_IDENTIFIER = "com.quantumjoker.Telex-NewsUITests";
				PRODUCT_NAME = "$(TARGET_NAME)";
				SWIFT_VERSION = 5.0;
				TEST_TARGET_NAME = "Telex News";
			};
			name = Debug;
		};
		2776344C23119AF900622D64 /* Release */ = {
			isa = XCBuildConfiguration;
			buildSettings = {
				ALWAYS_EMBED_SWIFT_STANDARD_LIBRARIES = YES;
				CODE_SIGN_STYLE = Automatic;
				COMBINE_HIDPI_IMAGES = YES;
				DEVELOPMENT_TEAM = 3ETXMLGRJN;
				INFOPLIST_FILE = "Telex NewsUITests/Info.plist";
				LD_RUNPATH_SEARCH_PATHS = (
					"$(inherited)",
					"@executable_path/../Frameworks",
					"@loader_path/../Frameworks",
				);
				PRODUCT_BUNDLE_IDENTIFIER = "com.quantumjoker.Telex-NewsUITests";
				PRODUCT_NAME = "$(TARGET_NAME)";
				SWIFT_VERSION = 5.0;
				TEST_TARGET_NAME = "Telex News";
			};
			name = Release;
		};
/* End XCBuildConfiguration section */

/* Begin XCConfigurationList section */
		2776341923119AF600622D64 /* Build configuration list for PBXProject "Telex News" */ = {
			isa = XCConfigurationList;
			buildConfigurations = (
				2776344223119AF900622D64 /* Debug */,
				2776344323119AF900622D64 /* Release */,
			);
			defaultConfigurationIsVisible = 0;
			defaultConfigurationName = Release;
		};
		2776344423119AF900622D64 /* Build configuration list for PBXNativeTarget "Telex News" */ = {
			isa = XCConfigurationList;
			buildConfigurations = (
				2776344523119AF900622D64 /* Debug */,
				2776344623119AF900622D64 /* Release */,
			);
			defaultConfigurationIsVisible = 0;
			defaultConfigurationName = Release;
		};
		2776344723119AF900622D64 /* Build configuration list for PBXNativeTarget "Telex NewsTests" */ = {
			isa = XCConfigurationList;
			buildConfigurations = (
				2776344823119AF900622D64 /* Debug */,
				2776344923119AF900622D64 /* Release */,
			);
			defaultConfigurationIsVisible = 0;
			defaultConfigurationName = Release;
		};
		2776344A23119AF900622D64 /* Build configuration list for PBXNativeTarget "Telex NewsUITests" */ = {
			isa = XCConfigurationList;
			buildConfigurations = (
				2776344B23119AF900622D64 /* Debug */,
				2776344C23119AF900622D64 /* Release */,
			);
			defaultConfigurationIsVisible = 0;
			defaultConfigurationName = Release;
		};
/* End XCConfigurationList section */

/* Begin XCRemoteSwiftPackageReference section */
		2776344D23119B2800622D64 /* XCRemoteSwiftPackageReference "FeedKit" */ = {
			isa = XCRemoteSwiftPackageReference;
			repositoryURL = "https://github.com/nmdias/FeedKit.git";
			requirement = {
				kind = upToNextMajorVersion;
				minimumVersion = 8.1.1;
			};
		};
		2776345023119B3A00622D64 /* XCRemoteSwiftPackageReference "Preferences" */ = {
			isa = XCRemoteSwiftPackageReference;
			repositoryURL = "https://github.com/sindresorhus/Preferences";
			requirement = {
				kind = upToNextMajorVersion;
				minimumVersion = 0.4.1;
			};
		};
		2776345323119B8E00622D64 /* XCRemoteSwiftPackageReference "SwiftyBeaver" */ = {
			isa = XCRemoteSwiftPackageReference;
			repositoryURL = "https://github.com/SwiftyBeaver/SwiftyBeaver.git";
			requirement = {
				kind = upToNextMajorVersion;
				minimumVersion = 1.7.1;
			};
		};
		2776345623119BE000622D64 /* XCRemoteSwiftPackageReference "GRDB.swift" */ = {
			isa = XCRemoteSwiftPackageReference;
			repositoryURL = "https://github.com/groue/GRDB.swift.git";
			requirement = {
				kind = upToNextMajorVersion;
				minimumVersion = 4.2.1;
			};
		};
		27F0E01A231718CC0094831C /* XCRemoteSwiftPackageReference "SwiftyUserDefaults" */ = {
			isa = XCRemoteSwiftPackageReference;
			repositoryURL = "https://github.com/radex/SwiftyUserDefaults";
			requirement = {
				kind = upToNextMajorVersion;
				minimumVersion = 4.0.0;
			};
		};
		27F0E02123171CC50094831C /* XCRemoteSwiftPackageReference "SwiftDate" */ = {
			isa = XCRemoteSwiftPackageReference;
			repositoryURL = "https://github.com/malcommac/SwiftDate";
			requirement = {
				kind = upToNextMajorVersion;
				minimumVersion = 6.0.3;
			};
		};
/* End XCRemoteSwiftPackageReference section */

/* Begin XCSwiftPackageProductDependency section */
		2776344E23119B2800622D64 /* FeedKit */ = {
			isa = XCSwiftPackageProductDependency;
			package = 2776344D23119B2800622D64 /* XCRemoteSwiftPackageReference "FeedKit" */;
			productName = FeedKit;
		};
		2776345123119B3A00622D64 /* Preferences */ = {
			isa = XCSwiftPackageProductDependency;
			package = 2776345023119B3A00622D64 /* XCRemoteSwiftPackageReference "Preferences" */;
			productName = Preferences;
		};
		2776345423119B8E00622D64 /* SwiftyBeaver */ = {
			isa = XCSwiftPackageProductDependency;
			package = 2776345323119B8E00622D64 /* XCRemoteSwiftPackageReference "SwiftyBeaver" */;
			productName = SwiftyBeaver;
		};
		2776345723119BE000622D64 /* GRDB */ = {
			isa = XCSwiftPackageProductDependency;
			package = 2776345623119BE000622D64 /* XCRemoteSwiftPackageReference "GRDB.swift" */;
			productName = GRDB;
		};
		27F0E01B231718CC0094831C /* SwiftyUserDefaults */ = {
			isa = XCSwiftPackageProductDependency;
			package = 27F0E01A231718CC0094831C /* XCRemoteSwiftPackageReference "SwiftyUserDefaults" */;
			productName = SwiftyUserDefaults;
		};
		27F0E02223171CC50094831C /* SwiftDate */ = {
			isa = XCSwiftPackageProductDependency;
			package = 27F0E02123171CC50094831C /* XCRemoteSwiftPackageReference "SwiftDate" */;
			productName = SwiftDate;
		};
/* End XCSwiftPackageProductDependency section */
	};
	rootObject = 2776341623119AF600622D64 /* Project object */;
}
